
Microsoft Visual Studio Solution File, Format Version 12.00
# Visual Studio 15
VisualStudioVersion = 15.0.28307.489
MinimumVisualStudioVersion = 10.0.40219.1
Project("{8BC9CEB8-8B4A-11D0-8D11-00A0C91BC942}") = "Opengl", "Opengl.vcxproj", "{FA6A168E-3153-483C-98BA-570F1D6C2214}"
EndProject
Global
	GlobalSection(SolutionConfigurationPlatforms) = preSolution
		Debug|x64 = Debug|x64
		Debug|x86 = Debug|x86
		Release|x64 = Release|x64
		Release|x86 = Release|x86
	EndGlobalSection
	GlobalSection(ProjectConfigurationPlatforms) = postSolution
		{FA6A168E-3153-483C-98BA-570F1D6C2214}.Debug|x64.ActiveCfg = Debug|x64
		{FA6A168E-3153-483C-98BA-570F1D6C2214}.Debug|x64.Build.0 = Debug|x64
		{FA6A168E-3153-483C-98BA-570F1D6C2214}.Debug|x86.ActiveCfg = Debug|Win32
		{FA6A168E-3153-483C-98BA-570F1D6C2214}.Debug|x86.Build.0 = Debug|Win32
		{FA6A168E-3153-483C-98BA-570F1D6C2214}.Release|x64.ActiveCfg = Release|x64
		{FA6A168E-3153-483C-98BA-570F1D6C2214}.Release|x64.Build.0 = Release|x64
		{FA6A168E-3153-483C-98BA-570F1D6C2214}.Release|x86.ActiveCfg = Release|Win32
		{FA6A168E-3153-483C-98BA-570F1D6C2214}.Release|x86.Build.0 = Release|Win32
	EndGlobalSection
	GlobalSection(SolutionProperties) = preSolution
		HideSolutionNode = FALSE
	EndGlobalSection
	GlobalSection(ExtensibilityGlobals) = postSolution
		SolutionGuid = {B47FC4DE-D3DE-4629-898E-F9B6D26A0FA7}
	EndGlobalSection
EndGlobal
